
Microsoft Visual Studio Solution File, Format Version 12.00
# Visual Studio 15
VisualStudioVersion = 15.0.28010.2003
MinimumVisualStudioVersion = 10.0.40219.1
Project("{8BC9CEB8-8B4A-11D0-8D11-00A0C91BC942}") = "XmlParser", "XmlParser\XmlParser.vcxproj", "{77996ECF-E90D-4CCF-A52A-5B1BE7CF52B5}"
EndProject
Global
	GlobalSection(SolutionConfigurationPlatforms) = preSolution
		Debug|x64 = Debug|x64
		Debug|x86 = Debug|x86
		Release|x64 = Release|x64
		Release|x86 = Release|x86
	EndGlobalSection
	GlobalSection(ProjectConfigurationPlatforms) = postSolution
		{77996ECF-E90D-4CCF-A52A-5B1BE7CF52B5}.Debug|x64.ActiveCfg = Debug|x64
		{77996ECF-E90D-4CCF-A52A-5B1BE7CF52B5}.Debug|x64.Build.0 = Debug|x64
		{77996ECF-E90D-4CCF-A52A-5B1BE7CF52B5}.Debug|x86.ActiveCfg = Debug|Win32
		{77996ECF-E90D-4CCF-A52A-5B1BE7CF52B5}.Debug|x86.Build.0 = Debug|Win32
		{77996ECF-E90D-4CCF-A52A-5B1BE7CF52B5}.Release|x64.ActiveCfg = Release|x64
		{77996ECF-E90D-4CCF-A52A-5B1BE7CF52B5}.Release|x64.Build.0 = Release|x64
		{77996ECF-E90D-4CCF-A52A-5B1BE7CF52B5}.Release|x86.ActiveCfg = Release|Win32
		{77996ECF-E90D-4CCF-A52A-5B1BE7CF52B5}.Release|x86.Build.0 = Release|Win32
	EndGlobalSection
	GlobalSection(SolutionProperties) = preSolution
		HideSolutionNode = FALSE
	EndGlobalSection
	GlobalSection(ExtensibilityGlobals) = postSolution
		SolutionGuid = {CB5A4735-D8AE-4E56-9ED8-5514352E414E}
	EndGlobalSection
EndGlobal
